
Microsoft Visual Studio Solution File, Format Version 12.00
# Visual Studio 15
VisualStudioVersion = 15.0.26228.10
MinimumVisualStudioVersion = 10.0.40219.1
Project("{D954291E-2A0B-460D-934E-DC6B0785DB48}") = "App11", "App11\App11\App11.shproj", "{CFB98F90-35D4-4E48-B557-42B7CB354C2B}"
EndProject
Project("{FAE04EC0-301F-11D3-BF4B-00C04F79EFBC}") = "App11.Android", "App11\App11.Android\App11.Android.csproj", "{A7719619-8B28-4DDB-9A5A-7AF7C366AF28}"
EndProject
Project("{FAE04EC0-301F-11D3-BF4B-00C04F79EFBC}") = "App11.iOS", "App11\App11.iOS\App11.iOS.csproj", "{49503441-0DA5-4C57-8370-37DB68024C5A}"
EndProject
Project("{FAE04EC0-301F-11D3-BF4B-00C04F79EFBC}") = "App11.UWP", "App11\App11.UWP\App11.UWP.csproj", "{89FA25B5-6949-4785-8F75-1D4FB6929C64}"
EndProject
Global
	GlobalSection(SharedMSBuildProjectFiles) = preSolution
		App11\App11\App11.projitems*{49503441-0da5-4c57-8370-37db68024c5a}*SharedItemsImports = 4
		App11\App11\App11.projitems*{89fa25b5-6949-4785-8f75-1d4fb6929c64}*SharedItemsImports = 4
		App11\App11\App11.projitems*{a7719619-8b28-4ddb-9a5a-7af7c366af28}*SharedItemsImports = 4
		App11\App11\App11.projitems*{cfb98f90-35d4-4e48-b557-42b7cb354c2b}*SharedItemsImports = 13
	EndGlobalSection
	GlobalSection(SolutionConfigurationPlatforms) = preSolution
		Debug|Any CPU = Debug|Any CPU
		Debug|ARM = Debug|ARM
		Debug|iPhone = Debug|iPhone
		Debug|iPhoneSimulator = Debug|iPhoneSimulator
		Debug|x64 = Debug|x64
		Debug|x86 = Debug|x86
		Release|Any CPU = Release|Any CPU
		Release|ARM = Release|ARM
		Release|iPhone = Release|iPhone
		Release|iPhoneSimulator = Release|iPhoneSimulator
		Release|x64 = Release|x64
		Release|x86 = Release|x86
	EndGlobalSection
	GlobalSection(ProjectConfigurationPlatforms) = postSolution
		{A7719619-8B28-4DDB-9A5A-7AF7C366AF28}.Debug|Any CPU.ActiveCfg = Debug|Any CPU
		{A7719619-8B28-4DDB-9A5A-7AF7C366AF28}.Debug|Any CPU.Build.0 = Debug|Any CPU
		{A7719619-8B28-4DDB-9A5A-7AF7C366AF28}.Debug|Any CPU.Deploy.0 = Debug|Any CPU
		{A7719619-8B28-4DDB-9A5A-7AF7C366AF28}.Debug|ARM.ActiveCfg = Debug|Any CPU
		{A7719619-8B28-4DDB-9A5A-7AF7C366AF28}.Debug|ARM.Build.0 = Debug|Any CPU
		{A7719619-8B28-4DDB-9A5A-7AF7C366AF28}.Debug|ARM.Deploy.0 = Debug|Any CPU
		{A7719619-8B28-4DDB-9A5A-7AF7C366AF28}.Debug|iPhone.ActiveCfg = Debug|Any CPU
		{A7719619-8B28-4DDB-9A5A-7AF7C366AF28}.Debug|iPhone.Build.0 = Debug|Any CPU
		{A7719619-8B28-4DDB-9A5A-7AF7C366AF28}.Debug|iPhone.Deploy.0 = Debug|Any CPU
		{A7719619-8B28-4DDB-9A5A-7AF7C366AF28}.Debug|iPhoneSimulator.ActiveCfg = Debug|Any CPU
		{A7719619-8B28-4DDB-9A5A-7AF7C366AF28}.Debug|iPhoneSimulator.Build.0 = Debug|Any CPU
		{A7719619-8B28-4DDB-9A5A-7AF7C366AF28}.Debug|iPhoneSimulator.Deploy.0 = Debug|Any CPU
		{A7719619-8B28-4DDB-9A5A-7AF7C366AF28}.Debug|x64.ActiveCfg = Debug|Any CPU
		{A7719619-8B28-4DDB-9A5A-7AF7C366AF28}.Debug|x64.Build.0 = Debug|Any CPU
		{A7719619-8B28-4DDB-9A5A-7AF7C366AF28}.Debug|x64.Deploy.0 = Debug|Any CPU
		{A7719619-8B28-4DDB-9A5A-7AF7C366AF28}.Debug|x86.ActiveCfg = Debug|Any CPU
		{A7719619-8B28-4DDB-9A5A-7AF7C366AF28}.Debug|x86.Build.0 = Debug|Any CPU
		{A7719619-8B28-4DDB-9A5A-7AF7C366AF28}.Debug|x86.Deploy.0 = Debug|Any CPU
		{A7719619-8B28-4DDB-9A5A-7AF7C366AF28}.Release|Any CPU.ActiveCfg = Release|Any CPU
		{A7719619-8B28-4DDB-9A5A-7AF7C366AF28}.Release|Any CPU.Build.0 = Release|Any CPU
		{A7719619-8B28-4DDB-9A5A-7AF7C366AF28}.Release|Any CPU.Deploy.0 = Release|Any CPU
		{A7719619-8B28-4DDB-9A5A-7AF7C366AF28}.Release|ARM.ActiveCfg = Release|Any CPU
		{A7719619-8B28-4DDB-9A5A-7AF7C366AF28}.Release|ARM.Build.0 = Release|Any CPU
		{A7719619-8B28-4DDB-9A5A-7AF7C366AF28}.Release|ARM.Deploy.0 = Release|Any CPU
		{A7719619-8B28-4DDB-9A5A-7AF7C366AF28}.Release|iPhone.ActiveCfg = Release|Any CPU
		{A7719619-8B28-4DDB-9A5A-7AF7C366AF28}.Release|iPhone.Build.0 = Release|Any CPU
		{A7719619-8B28-4DDB-9A5A-7AF7C366AF28}.Release|iPhone.Deploy.0 = Release|Any CPU
		{A7719619-8B28-4DDB-9A5A-7AF7C366AF28}.Release|iPhoneSimulator.ActiveCfg = Release|Any CPU
		{A7719619-8B28-4DDB-9A5A-7AF7C366AF28}.Release|iPhoneSimulator.Build.0 = Release|Any CPU
		{A7719619-8B28-4DDB-9A5A-7AF7C366AF28}.Release|iPhoneSimulator.Deploy.0 = Release|Any CPU
		{A7719619-8B28-4DDB-9A5A-7AF7C366AF28}.Release|x64.ActiveCfg = Release|Any CPU
		{A7719619-8B28-4DDB-9A5A-7AF7C366AF28}.Release|x64.Build.0 = Release|Any CPU
		{A7719619-8B28-4DDB-9A5A-7AF7C366AF28}.Release|x64.Deploy.0 = Release|Any CPU
		{A7719619-8B28-4DDB-9A5A-7AF7C366AF28}.Release|x86.ActiveCfg = Release|Any CPU
		{A7719619-8B28-4DDB-9A5A-7AF7C366AF28}.Release|x86.Build.0 = Release|Any CPU
		{A7719619-8B28-4DDB-9A5A-7AF7C366AF28}.Release|x86.Deploy.0 = Release|Any CPU
		{49503441-0DA5-4C57-8370-37DB68024C5A}.Debug|Any CPU.ActiveCfg = Debug|iPhone
		{49503441-0DA5-4C57-8370-37DB68024C5A}.Debug|ARM.ActiveCfg = Debug|iPhone
		{49503441-0DA5-4C57-8370-37DB68024C5A}.Debug|iPhone.ActiveCfg = Debug|iPhone
		{49503441-0DA5-4C57-8370-37DB68024C5A}.Debug|iPhone.Build.0 = Debug|iPhone
		{49503441-0DA5-4C57-8370-37DB68024C5A}.Debug|iPhoneSimulator.ActiveCfg = Debug|iPhoneSimulator
		{49503441-0DA5-4C57-8370-37DB68024C5A}.Debug|iPhoneSimulator.Build.0 = Debug|iPhoneSimulator
		{49503441-0DA5-4C57-8370-37DB68024C5A}.Debug|x64.ActiveCfg = Debug|iPhone
		{49503441-0DA5-4C57-8370-37DB68024C5A}.Debug|x86.ActiveCfg = Debug|iPhone
		{49503441-0DA5-4C57-8370-37DB68024C5A}.Release|Any CPU.ActiveCfg = Release|iPhone
		{49503441-0DA5-4C57-8370-37DB68024C5A}.Release|ARM.ActiveCfg = Release|iPhone
		{49503441-0DA5-4C57-8370-37DB68024C5A}.Release|iPhone.ActiveCfg = Release|iPhone
		{49503441-0DA5-4C57-8370-37DB68024C5A}.Release|iPhone.Build.0 = Release|iPhone
		{49503441-0DA5-4C57-8370-37DB68024C5A}.Release|iPhoneSimulator.ActiveCfg = Release|iPhoneSimulator
		{49503441-0DA5-4C57-8370-37DB68024C5A}.Release|iPhoneSimulator.Build.0 = Release|iPhoneSimulator
		{49503441-0DA5-4C57-8370-37DB68024C5A}.Release|x64.ActiveCfg = Release|iPhone
		{49503441-0DA5-4C57-8370-37DB68024C5A}.Release|x86.ActiveCfg = Release|iPhone
		{89FA25B5-6949-4785-8F75-1D4FB6929C64}.Debug|Any CPU.ActiveCfg = Debug|x86
		{89FA25B5-6949-4785-8F75-1D4FB6929C64}.Debug|Any CPU.Build.0 = Debug|x86
		{89FA25B5-6949-4785-8F75-1D4FB6929C64}.Debug|Any CPU.Deploy.0 = Debug|x86
		{89FA25B5-6949-4785-8F75-1D4FB6929C64}.Debug|ARM.ActiveCfg = Debug|ARM
		{89FA25B5-6949-4785-8F75-1D4FB6929C64}.Debug|ARM.Build.0 = Debug|ARM
		{89FA25B5-6949-4785-8F75-1D4FB6929C64}.Debug|ARM.Deploy.0 = Debug|ARM
		{89FA25B5-6949-4785-8F75-1D4FB6929C64}.Debug|iPhone.ActiveCfg = Debug|x86
		{89FA25B5-6949-4785-8F75-1D4FB6929C64}.Debug|iPhoneSimulator.ActiveCfg = Debug|x86
		{89FA25B5-6949-4785-8F75-1D4FB6929C64}.Debug|x64.ActiveCfg = Debug|x64
		{89FA25B5-6949-4785-8F75-1D4FB6929C64}.Debug|x64.Build.0 = Debug|x64
		{89FA25B5-6949-4785-8F75-1D4FB6929C64}.Debug|x64.Deploy.0 = Debug|x64
		{89FA25B5-6949-4785-8F75-1D4FB6929C64}.Debug|x86.ActiveCfg = Debug|x86
		{89FA25B5-6949-4785-8F75-1D4FB6929C64}.Debug|x86.Build.0 = Debug|x86
		{89FA25B5-6949-4785-8F75-1D4FB6929C64}.Debug|x86.Deploy.0 = Debug|x86
		{89FA25B5-6949-4785-8F75-1D4FB6929C64}.Release|Any CPU.ActiveCfg = Release|x86
		{89FA25B5-6949-4785-8F75-1D4FB6929C64}.Release|ARM.ActiveCfg = Release|ARM
		{89FA25B5-6949-4785-8F75-1D4FB6929C64}.Release|ARM.Build.0 = Release|ARM
		{89FA25B5-6949-4785-8F75-1D4FB6929C64}.Release|ARM.Deploy.0 = Release|ARM
		{89FA25B5-6949-4785-8F75-1D4FB6929C64}.Release|iPhone.ActiveCfg = Release|x86
		{89FA25B5-6949-4785-8F75-1D4FB6929C64}.Release|iPhoneSimulator.ActiveCfg = Release|x86
		{89FA25B5-6949-4785-8F75-1D4FB6929C64}.Release|x64.ActiveCfg = Release|x64
		{89FA25B5-6949-4785-8F75-1D4FB6929C64}.Release|x64.Build.0 = Release|x64
		{89FA25B5-6949-4785-8F75-1D4FB6929C64}.Release|x64.Deploy.0 = Release|x64
		{89FA25B5-6949-4785-8F75-1D4FB6929C64}.Release|x86.ActiveCfg = Release|x86
		{89FA25B5-6949-4785-8F75-1D4FB6929C64}.Release|x86.Build.0 = Release|x86
		{89FA25B5-6949-4785-8F75-1D4FB6929C64}.Release|x86.Deploy.0 = Release|x86
	EndGlobalSection
	GlobalSection(SolutionProperties) = preSolution
		HideSolutionNode = FALSE
	EndGlobalSection
EndGlobal
